
Microsoft Visual Studio Solution File, Format Version 12.00
# Visual Studio Version 17
VisualStudioVersion = 17.5.33414.496
MinimumVisualStudioVersion = 10.0.40219.1
Project("{FAE04EC0-301F-11D3-BF4B-00C04F79EFBC}") = "SaikoRenamer", "SaikoRenamer.csproj", "{E7A98394-A46F-4E1A-878E-8220EE86C566}"
EndProject
Global
	GlobalSection(SolutionConfigurationPlatforms) = preSolution
		Debug|Any CPU = Debug|Any CPU
		Release|Any CPU = Release|Any CPU
	EndGlobalSection
	GlobalSection(ProjectConfigurationPlatforms) = postSolution
		{E7A98394-A46F-4E1A-878E-8220EE86C566}.Debug|Any CPU.ActiveCfg = Debug|Any CPU
		{E7A98394-A46F-4E1A-878E-8220EE86C566}.Debug|Any CPU.Build.0 = Debug|Any CPU
		{E7A98394-A46F-4E1A-878E-8220EE86C566}.Release|Any CPU.ActiveCfg = Release|Any CPU
		{E7A98394-A46F-4E1A-878E-8220EE86C566}.Release|Any CPU.Build.0 = Release|Any CPU
	EndGlobalSection
	GlobalSection(SolutionProperties) = preSolution
		HideSolutionNode = FALSE
	EndGlobalSection
	GlobalSection(ExtensibilityGlobals) = postSolution
		SolutionGuid = {FEE6B845-6211-443F-BD72-A8707A161087}
	EndGlobalSection
EndGlobal
